<Solution>
  <Project Path="AuditFramework.ApiService/AuditFramework.ApiService.csproj" />
  <Project Path="AuditFramework.AppHost/AuditFramework.AppHost.csproj" />
  <Project Path="AuditFramework.ServiceDefaults/AuditFramework.ServiceDefaults.csproj" />
  <Project Path="AuditFramework.Tests/AuditFramework.Tests.csproj" />
  <Project Path="AuditFramework.Web/AuditFramework.Web.csproj" />
  <Project Path="AuditFramework.Worker/AuditFramework.Worker.csproj" />
</Solution>
